
Microsoft Visual Studio Solution File, Format Version 12.00
Project("{FAE04EC0-301F-11D3-BF4B-00C04F79EFBC}") = "Threading", "Threading\Threading.csproj", "{32C9A157-607E-4BA3-95B2-FC50DFDE78B6}"
EndProject
Project("{FAE04EC0-301F-11D3-BF4B-00C04F79EFBC}") = "AsyncAwaitProgram", "AsyncAwaitProgram\AsyncAwaitProgram.csproj", "{07BDB023-39B2-4C10-ACED-BA941ACC8B9D}"
EndProject
Project("{FAE04EC0-301F-11D3-BF4B-00C04F79EFBC}") = "GC", "GC\GC.csproj", "{BB9D63AA-49A3-480F-9ED4-D522868DF6E1}"
EndProject
Project("{FAE04EC0-301F-11D3-BF4B-00C04F79EFBC}") = "Xml", "Xml\Xml.csproj", "{714C151F-60CD-4303-B774-4DC65E8B2E29}"
EndProject
Project("{FAE04EC0-301F-11D3-BF4B-00C04F79EFBC}") = "JSON", "JSON\JSON.csproj", "{6A74613F-EE54-45A3-9043-350E56EA1915}"
EndProject
Global
	GlobalSection(SolutionConfigurationPlatforms) = preSolution
		Debug|Any CPU = Debug|Any CPU
		Release|Any CPU = Release|Any CPU
	EndGlobalSection
	GlobalSection(ProjectConfigurationPlatforms) = postSolution
		{32C9A157-607E-4BA3-95B2-FC50DFDE78B6}.Debug|Any CPU.ActiveCfg = Debug|Any CPU
		{32C9A157-607E-4BA3-95B2-FC50DFDE78B6}.Debug|Any CPU.Build.0 = Debug|Any CPU
		{32C9A157-607E-4BA3-95B2-FC50DFDE78B6}.Release|Any CPU.ActiveCfg = Release|Any CPU
		{32C9A157-607E-4BA3-95B2-FC50DFDE78B6}.Release|Any CPU.Build.0 = Release|Any CPU
		{07BDB023-39B2-4C10-ACED-BA941ACC8B9D}.Debug|Any CPU.ActiveCfg = Debug|Any CPU
		{07BDB023-39B2-4C10-ACED-BA941ACC8B9D}.Debug|Any CPU.Build.0 = Debug|Any CPU
		{07BDB023-39B2-4C10-ACED-BA941ACC8B9D}.Release|Any CPU.ActiveCfg = Release|Any CPU
		{07BDB023-39B2-4C10-ACED-BA941ACC8B9D}.Release|Any CPU.Build.0 = Release|Any CPU
		{BB9D63AA-49A3-480F-9ED4-D522868DF6E1}.Debug|Any CPU.ActiveCfg = Debug|Any CPU
		{BB9D63AA-49A3-480F-9ED4-D522868DF6E1}.Debug|Any CPU.Build.0 = Debug|Any CPU
		{BB9D63AA-49A3-480F-9ED4-D522868DF6E1}.Release|Any CPU.ActiveCfg = Release|Any CPU
		{BB9D63AA-49A3-480F-9ED4-D522868DF6E1}.Release|Any CPU.Build.0 = Release|Any CPU
		{714C151F-60CD-4303-B774-4DC65E8B2E29}.Debug|Any CPU.ActiveCfg = Debug|Any CPU
		{714C151F-60CD-4303-B774-4DC65E8B2E29}.Debug|Any CPU.Build.0 = Debug|Any CPU
		{714C151F-60CD-4303-B774-4DC65E8B2E29}.Release|Any CPU.ActiveCfg = Release|Any CPU
		{714C151F-60CD-4303-B774-4DC65E8B2E29}.Release|Any CPU.Build.0 = Release|Any CPU
		{6A74613F-EE54-45A3-9043-350E56EA1915}.Debug|Any CPU.ActiveCfg = Debug|Any CPU
		{6A74613F-EE54-45A3-9043-350E56EA1915}.Debug|Any CPU.Build.0 = Debug|Any CPU
		{6A74613F-EE54-45A3-9043-350E56EA1915}.Release|Any CPU.ActiveCfg = Release|Any CPU
		{6A74613F-EE54-45A3-9043-350E56EA1915}.Release|Any CPU.Build.0 = Release|Any CPU
	EndGlobalSection
EndGlobal
